
Microsoft Visual Studio Solution File, Format Version 12.00
# Visual Studio Version 17
VisualStudioVersion = 17.5.33424.131
MinimumVisualStudioVersion = 10.0.40219.1
Project("{9A19103F-16F7-4668-BE54-9A1E7A4F7556}") = "RabbitMQ.Publisher", "RabbitMQ.Publisher\RabbitMQ.Publisher.csproj", "{E483350E-AAF2-4DBC-B261-394619CAA9F5}"
EndProject
Project("{9A19103F-16F7-4668-BE54-9A1E7A4F7556}") = "RabbitMQ.Subscriber", "RabbitMQ.Subscriber\RabbitMQ.Subscriber.csproj", "{60D658EE-ECFD-4350-8962-B6E0DCE55AC3}"
EndProject
Project("{2150E333-8FDC-42A3-9474-1A3956D46DE8}") = "MyNote", "MyNote", "{C8394669-D77E-4A20-817C-75D0BEE42904}"
	ProjectSection(SolutionItems) = preProject
		MyNote.txt = MyNote.txt
	EndProjectSection
EndProject
Project("{FAE04EC0-301F-11D3-BF4B-00C04F79EFBC}") = "FanoutExample", "FanoutExample\FanoutExample.csproj", "{C25A1392-0F15-429A-858F-3F13CEEE1369}"
EndProject
Project("{FAE04EC0-301F-11D3-BF4B-00C04F79EFBC}") = "FanoutConsumer", "FanoutConsumer\FanoutConsumer.csproj", "{AEC9856B-DEB9-4ED9-8365-D944F344E978}"
EndProject
Project("{2150E333-8FDC-42A3-9474-1A3956D46DE8}") = "FanoutExcahange", "FanoutExcahange", "{ECB0B7F8-7F55-4966-82C9-BED0F806A5F5}"
EndProject
Project("{2150E333-8FDC-42A3-9474-1A3956D46DE8}") = "DirectExchange", "DirectExchange", "{6552C565-C099-473F-ABEA-CFB97C600101}"
EndProject
Global
	GlobalSection(SolutionConfigurationPlatforms) = preSolution
		Debug|Any CPU = Debug|Any CPU
		Release|Any CPU = Release|Any CPU
	EndGlobalSection
	GlobalSection(ProjectConfigurationPlatforms) = postSolution
		{E483350E-AAF2-4DBC-B261-394619CAA9F5}.Debug|Any CPU.ActiveCfg = Debug|Any CPU
		{E483350E-AAF2-4DBC-B261-394619CAA9F5}.Debug|Any CPU.Build.0 = Debug|Any CPU
		{E483350E-AAF2-4DBC-B261-394619CAA9F5}.Release|Any CPU.ActiveCfg = Release|Any CPU
		{E483350E-AAF2-4DBC-B261-394619CAA9F5}.Release|Any CPU.Build.0 = Release|Any CPU
		{60D658EE-ECFD-4350-8962-B6E0DCE55AC3}.Debug|Any CPU.ActiveCfg = Debug|Any CPU
		{60D658EE-ECFD-4350-8962-B6E0DCE55AC3}.Debug|Any CPU.Build.0 = Debug|Any CPU
		{60D658EE-ECFD-4350-8962-B6E0DCE55AC3}.Release|Any CPU.ActiveCfg = Release|Any CPU
		{60D658EE-ECFD-4350-8962-B6E0DCE55AC3}.Release|Any CPU.Build.0 = Release|Any CPU
		{C25A1392-0F15-429A-858F-3F13CEEE1369}.Debug|Any CPU.ActiveCfg = Debug|Any CPU
		{C25A1392-0F15-429A-858F-3F13CEEE1369}.Debug|Any CPU.Build.0 = Debug|Any CPU
		{C25A1392-0F15-429A-858F-3F13CEEE1369}.Release|Any CPU.ActiveCfg = Release|Any CPU
		{C25A1392-0F15-429A-858F-3F13CEEE1369}.Release|Any CPU.Build.0 = Release|Any CPU
		{AEC9856B-DEB9-4ED9-8365-D944F344E978}.Debug|Any CPU.ActiveCfg = Debug|Any CPU
		{AEC9856B-DEB9-4ED9-8365-D944F344E978}.Debug|Any CPU.Build.0 = Debug|Any CPU
		{AEC9856B-DEB9-4ED9-8365-D944F344E978}.Release|Any CPU.ActiveCfg = Release|Any CPU
		{AEC9856B-DEB9-4ED9-8365-D944F344E978}.Release|Any CPU.Build.0 = Release|Any CPU
	EndGlobalSection
	GlobalSection(SolutionProperties) = preSolution
		HideSolutionNode = FALSE
	EndGlobalSection
	GlobalSection(NestedProjects) = preSolution
		{C25A1392-0F15-429A-858F-3F13CEEE1369} = {ECB0B7F8-7F55-4966-82C9-BED0F806A5F5}
		{AEC9856B-DEB9-4ED9-8365-D944F344E978} = {ECB0B7F8-7F55-4966-82C9-BED0F806A5F5}
	EndGlobalSection
	GlobalSection(ExtensibilityGlobals) = postSolution
		SolutionGuid = {D9008A47-2D56-401F-AEA3-E12D19D45A4C}
	EndGlobalSection
EndGlobal
